{
  "version": 4,
  "terraform_version": "1.5.7",
  "serial": 63,
  "lineage": "5bc3092d-6d18-2877-4cc6-e69f7a57cfdf",
  "outputs": {},
  "resources": [
    {
      "mode": "managed",
      "type": "google_compute_address",
      "name": "static_ip",
      "provider": "provider[\"registry.terraform.io/hashicorp/google\"]",
      "instances": [
        {
          "schema_version": 0,
          "attributes": {
            "address": "35.228.30.172",
            "address_type": "EXTERNAL",
            "creation_timestamp": "2024-12-03T13:47:39.789-08:00",
            "description": "",
            "effective_labels": {
              "goog-terraform-provisioned": "true"
            },
            "id": "projects/sky2100eksamen24/regions/europe-north1/addresses/static-ip",
            "ip_version": "",
            "ipv6_endpoint_type": "",
            "label_fingerprint": "vezUS-42LLM=",
            "labels": {},
            "name": "static-ip",
            "network": "",
            "network_tier": "PREMIUM",
            "prefix_length": 0,
            "project": "sky2100eksamen24",
            "purpose": "",
            "region": "europe-north1",
            "self_link": "https://www.googleapis.com/compute/v1/projects/sky2100eksamen24/regions/europe-north1/addresses/static-ip",
            "subnetwork": "",
            "terraform_labels": {
              "goog-terraform-provisioned": "true"
            },
            "timeouts": null,
            "users": [
              "https://www.googleapis.com/compute/v1/projects/sky2100eksamen24/zones/europe-north1-a/instances/vm"
            ]
          },
          "sensitive_attributes": [],
          "private": "eyJlMmJmYjczMC1lY2FhLTExZTYtOGY4OC0zNDM2M2JjN2M0YzAiOnsiY3JlYXRlIjoxMjAwMDAwMDAwMDAwLCJkZWxldGUiOjEyMDAwMDAwMDAwMDAsInVwZGF0ZSI6MTIwMDAwMDAwMDAwMH19"
        }
      ]
    },
    {
      "mode": "managed",
      "type": "google_compute_backend_service",
      "name": "backend",
      "provider": "provider[\"registry.terraform.io/hashicorp/google\"]",
      "instances": [
        {
          "schema_version": 1,
          "attributes": {
            "affinity_cookie_ttl_sec": 0,
            "backend": [
              {
                "balancing_mode": "UTILIZATION",
                "capacity_scaler": 1,
                "description": "",
                "group": "https://www.googleapis.com/compute/v1/projects/sky2100eksamen24/zones/europe-north1-a/instanceGroups/single-instance-group",
                "max_connections": 0,
                "max_connections_per_endpoint": 0,
                "max_connections_per_instance": 0,
                "max_rate": 0,
                "max_rate_per_endpoint": 0,
                "max_rate_per_instance": 0,
                "max_utilization": 0
              }
            ],
            "cdn_policy": [],
            "circuit_breakers": [],
            "compression_mode": "",
            "connection_draining_timeout_sec": 300,
            "consistent_hash": [],
            "creation_timestamp": "2024-12-04T09:43:33.364-08:00",
            "custom_request_headers": null,
            "custom_response_headers": null,
            "description": "Backend service",
            "edge_security_policy": "",
            "enable_cdn": false,
            "fingerprint": "wyKbPuyn7qk=",
            "generated_id": 3301228165950417450,
            "health_checks": [
              "https://www.googleapis.com/compute/v1/projects/sky2100eksamen24/global/healthChecks/https-health-check"
            ],
            "iap": [],
            "id": "projects/sky2100eksamen24/global/backendServices/backend",
            "ip_address_selection_policy": "",
            "load_balancing_scheme": "EXTERNAL",
            "locality_lb_policies": [],
            "locality_lb_policy": "",
            "log_config": [],
            "name": "backend",
            "outlier_detection": [],
            "port_name": "http",
            "project": "sky2100eksamen24",
            "protocol": "HTTPS",
            "security_policy": "https://www.googleapis.com/compute/v1/projects/sky2100eksamen24/global/securityPolicies/cloud-armor",
            "security_settings": [],
            "self_link": "https://www.googleapis.com/compute/v1/projects/sky2100eksamen24/global/backendServices/backend",
            "service_lb_policy": "",
            "session_affinity": "NONE",
            "strong_session_affinity_cookie": [],
            "timeout_sec": 10,
            "timeouts": null
          },
          "sensitive_attributes": [],
          "private": "eyJlMmJmYjczMC1lY2FhLTExZTYtOGY4OC0zNDM2M2JjN2M0YzAiOnsiY3JlYXRlIjoxMjAwMDAwMDAwMDAwLCJkZWxldGUiOjEyMDAwMDAwMDAwMDAsInVwZGF0ZSI6MTIwMDAwMDAwMDAwMH0sInNjaGVtYV92ZXJzaW9uIjoiMSJ9",
          "dependencies": [
            "google_compute_health_check.https_health_check",
            "google_compute_instance_group.instance_group",
            "google_compute_security_policy.cloud_armor"
          ]
        }
      ]
    },
    {
      "mode": "managed",
      "type": "google_compute_firewall",
      "name": "allow_http",
      "provider": "provider[\"registry.terraform.io/hashicorp/google\"]",
      "instances": [
        {
          "schema_version": 1,
          "attributes": {
            "allow": [
              {
                "ports": [
                  "80",
                  "443"
                ],
                "protocol": "tcp"
              }
            ],
            "creation_timestamp": "2024-12-03T13:47:51.359-08:00",
            "deny": [],
            "description": "",
            "destination_ranges": [],
            "direction": "INGRESS",
            "disabled": false,
            "enable_logging": null,
            "id": "projects/sky2100eksamen24/global/firewalls/allow-http",
            "log_config": [],
            "name": "allow-http",
            "network": "https://www.googleapis.com/compute/v1/projects/sky2100eksamen24/global/networks/vpc-network",
            "priority": 1000,
            "project": "sky2100eksamen24",
            "self_link": "https://www.googleapis.com/compute/v1/projects/sky2100eksamen24/global/firewalls/allow-http",
            "source_ranges": [
              "0.0.0.0/0"
            ],
            "source_service_accounts": [],
            "source_tags": [],
            "target_service_accounts": [],
            "target_tags": [
              "http-server"
            ],
            "timeouts": null
          },
          "sensitive_attributes": [],
          "private": "eyJlMmJmYjczMC1lY2FhLTExZTYtOGY4OC0zNDM2M2JjN2M0YzAiOnsiY3JlYXRlIjoxMjAwMDAwMDAwMDAwLCJkZWxldGUiOjEyMDAwMDAwMDAwMDAsInVwZGF0ZSI6MTIwMDAwMDAwMDAwMH0sInNjaGVtYV92ZXJzaW9uIjoiMSJ9",
          "dependencies": [
            "google_compute_network.vpc_network"
          ]
        }
      ]
    },
    {
      "mode": "managed",
      "type": "google_compute_global_forwarding_rule",
      "name": "forwarding_rule",
      "provider": "provider[\"registry.terraform.io/hashicorp/google\"]",
      "instances": [
        {
          "schema_version": 0,
          "attributes": {
            "base_forwarding_rule": "",
            "description": "",
            "effective_labels": {},
            "id": "projects/sky2100eksamen24/global/forwardingRules/forwarding-rule",
            "ip_address": "34.8.127.126",
            "ip_protocol": "TCP",
            "ip_version": "",
            "label_fingerprint": "42WmSpB8rSM=",
            "labels": null,
            "load_balancing_scheme": "EXTERNAL",
            "metadata_filters": [],
            "name": "forwarding-rule",
            "network": "",
            "no_automate_dns_zone": null,
            "port_range": "443-443",
            "project": "sky2100eksamen24",
            "psc_connection_id": "",
            "psc_connection_status": "",
            "self_link": "https://www.googleapis.com/compute/v1/projects/sky2100eksamen24/global/forwardingRules/forwarding-rule",
            "service_directory_registrations": [],
            "source_ip_ranges": null,
            "subnetwork": "",
            "target": "https://www.googleapis.com/compute/v1/projects/sky2100eksamen24/global/targetHttpsProxies/https-proxy",
            "terraform_labels": {},
            "timeouts": null
          },
          "sensitive_attributes": [],
          "private": "eyJlMmJmYjczMC1lY2FhLTExZTYtOGY4OC0zNDM2M2JjN2M0YzAiOnsiY3JlYXRlIjoxMjAwMDAwMDAwMDAwLCJkZWxldGUiOjEyMDAwMDAwMDAwMDAsInVwZGF0ZSI6MTIwMDAwMDAwMDAwMH19",
          "dependencies": [
            "google_compute_backend_service.backend",
            "google_compute_health_check.https_health_check",
            "google_compute_instance_group.instance_group",
            "google_compute_security_policy.cloud_armor",
            "google_compute_ssl_certificate.ssl_certificate",
            "google_compute_target_https_proxy.https_proxy",
            "google_compute_url_map.url_map"
          ]
        }
      ]
    },
    {
      "mode": "managed",
      "type": "google_compute_health_check",
      "name": "https_health_check",
      "provider": "provider[\"registry.terraform.io/hashicorp/google\"]",
      "instances": [
        {
          "schema_version": 0,
          "attributes": {
            "check_interval_sec": 5,
            "creation_timestamp": "2024-12-04T09:12:28.023-08:00",
            "description": "",
            "grpc_health_check": [],
            "healthy_threshold": 2,
            "http2_health_check": [],
            "http_health_check": [],
            "https_health_check": [
              {
                "host": "",
                "port": 443,
                "port_name": "",
                "port_specification": "",
                "proxy_header": "NONE",
                "request_path": "/",
                "response": ""
              }
            ],
            "id": "projects/sky2100eksamen24/global/healthChecks/https-health-check",
            "log_config": [
              {
                "enable": false
              }
            ],
            "name": "https-health-check",
            "project": "sky2100eksamen24",
            "self_link": "https://www.googleapis.com/compute/v1/projects/sky2100eksamen24/global/healthChecks/https-health-check",
            "source_regions": [],
            "ssl_health_check": [],
            "tcp_health_check": [],
            "timeout_sec": 5,
            "timeouts": null,
            "type": "HTTPS",
            "unhealthy_threshold": 2
          },
          "sensitive_attributes": [],
          "private": "eyJlMmJmYjczMC1lY2FhLTExZTYtOGY4OC0zNDM2M2JjN2M0YzAiOnsiY3JlYXRlIjoxMjAwMDAwMDAwMDAwLCJkZWxldGUiOjEyMDAwMDAwMDAwMDAsInVwZGF0ZSI6MTIwMDAwMDAwMDAwMH19"
        }
      ]
    },
    {
      "mode": "managed",
      "type": "google_compute_instance",
      "name": "vm",
      "provider": "provider[\"registry.terraform.io/hashicorp/google\"]",
      "instances": [
        {
          "schema_version": 6,
          "attributes": {
            "advanced_machine_features": [],
            "allow_stopping_for_update": null,
            "attached_disk": [],
            "boot_disk": [
              {
                "auto_delete": true,
                "device_name": "persistent-disk-0",
                "disk_encryption_key_raw": "",
                "disk_encryption_key_sha256": "",
                "initialize_params": [
                  {
                    "enable_confidential_compute": false,
                    "image": "https://www.googleapis.com/compute/v1/projects/ubuntu-os-cloud/global/images/ubuntu-2004-focal-v20241115",
                    "labels": {},
                    "provisioned_iops": 0,
                    "provisioned_throughput": 0,
                    "resource_manager_tags": {},
                    "resource_policies": [],
                    "size": 10,
                    "storage_pool": "",
                    "type": "pd-standard"
                  }
                ],
                "interface": "",
                "kms_key_self_link": "",
                "mode": "READ_WRITE",
                "source": "https://www.googleapis.com/compute/v1/projects/sky2100eksamen24/zones/europe-north1-a/disks/vm"
              }
            ],
            "can_ip_forward": false,
            "confidential_instance_config": [],
            "cpu_platform": "Intel Broadwell",
            "creation_timestamp": "2024-12-03T13:48:16.648-08:00",
            "current_status": "RUNNING",
            "deletion_protection": false,
            "description": "",
            "desired_status": null,
            "effective_labels": {
              "goog-terraform-provisioned": "true"
            },
            "enable_display": false,
            "guest_accelerator": [],
            "hostname": "",
            "id": "projects/sky2100eksamen24/zones/europe-north1-a/instances/vm",
            "instance_id": "1073418845577986672",
            "key_revocation_action_type": "",
            "label_fingerprint": "vezUS-42LLM=",
            "labels": {},
            "machine_type": "e2-micro",
            "metadata": {},
            "metadata_fingerprint": "-twh_Zzxb9o=",
            "metadata_startup_script": "apt-get update\napt-get install -y nginx\nsystemctl start nginx\n",
            "min_cpu_platform": "",
            "name": "vm",
            "network_interface": [
              {
                "access_config": [
                  {
                    "nat_ip": "35.228.30.172",
                    "network_tier": "PREMIUM",
                    "public_ptr_domain_name": ""
                  }
                ],
                "alias_ip_range": [],
                "internal_ipv6_prefix_length": 0,
                "ipv6_access_config": [],
                "ipv6_access_type": "",
                "ipv6_address": "",
                "name": "nic0",
                "network": "https://www.googleapis.com/compute/v1/projects/sky2100eksamen24/global/networks/vpc-network",
                "network_ip": "10.0.0.2",
                "nic_type": "",
                "queue_count": 0,
                "stack_type": "IPV4_ONLY",
                "subnetwork": "https://www.googleapis.com/compute/v1/projects/sky2100eksamen24/regions/europe-north1/subnetworks/initial-subnet",
                "subnetwork_project": "sky2100eksamen24"
              }
            ],
            "network_performance_config": [],
            "params": [],
            "project": "sky2100eksamen24",
            "reservation_affinity": [],
            "resource_policies": [],
            "scheduling": [
              {
                "automatic_restart": true,
                "instance_termination_action": "",
                "local_ssd_recovery_timeout": [],
                "max_run_duration": [],
                "min_node_cpus": 0,
                "node_affinities": [],
                "on_host_maintenance": "MIGRATE",
                "on_instance_stop_action": [],
                "preemptible": false,
                "provisioning_model": "STANDARD"
              }
            ],
            "scratch_disk": [],
            "self_link": "https://www.googleapis.com/compute/v1/projects/sky2100eksamen24/zones/europe-north1-a/instances/vm",
            "service_account": [],
            "shielded_instance_config": [
              {
                "enable_integrity_monitoring": true,
                "enable_secure_boot": false,
                "enable_vtpm": true
              }
            ],
            "tags": [
              "http-server"
            ],
            "tags_fingerprint": "FYLDgkTKlA4=",
            "terraform_labels": {
              "goog-terraform-provisioned": "true"
            },
            "timeouts": null,
            "zone": "europe-north1-a"
          },
          "sensitive_attributes": [],
          "private": "eyJlMmJmYjczMC1lY2FhLTExZTYtOGY4OC0zNDM2M2JjN2M0YzAiOnsiY3JlYXRlIjoxMjAwMDAwMDAwMDAwLCJkZWxldGUiOjEyMDAwMDAwMDAwMDAsInVwZGF0ZSI6MTIwMDAwMDAwMDAwMH0sInNjaGVtYV92ZXJzaW9uIjoiNiJ9",
          "dependencies": [
            "google_compute_address.static_ip",
            "google_compute_network.vpc_network",
            "google_compute_subnetwork.initial_subnet"
          ]
        }
      ]
    },
    {
      "mode": "managed",
      "type": "google_compute_instance_group",
      "name": "instance_group",
      "provider": "provider[\"registry.terraform.io/hashicorp/google\"]",
      "instances": [
        {
          "schema_version": 2,
          "attributes": {
            "description": "",
            "id": "projects/sky2100eksamen24/zones/europe-north1-a/instanceGroups/single-instance-group",
            "instances": [
              "https://www.googleapis.com/compute/v1/projects/sky2100eksamen24/zones/europe-north1-a/instances/vm"
            ],
            "name": "single-instance-group",
            "named_port": [
              {
                "name": "http",
                "port": 80
              }
            ],
            "network": "https://www.googleapis.com/compute/v1/projects/sky2100eksamen24/global/networks/vpc-network",
            "project": "sky2100eksamen24",
            "self_link": "https://www.googleapis.com/compute/v1/projects/sky2100eksamen24/zones/europe-north1-a/instanceGroups/single-instance-group",
            "size": 1,
            "timeouts": null,
            "zone": "europe-north1-a"
          },
          "sensitive_attributes": [],
          "private": "eyJlMmJmYjczMC1lY2FhLTExZTYtOGY4OC0zNDM2M2JjN2M0YzAiOnsiY3JlYXRlIjozNjAwMDAwMDAwMDAsImRlbGV0ZSI6MzYwMDAwMDAwMDAwLCJ1cGRhdGUiOjM2MDAwMDAwMDAwMH0sInNjaGVtYV92ZXJzaW9uIjoiMiJ9",
          "dependencies": [
            "google_compute_address.static_ip",
            "google_compute_instance.vm",
            "google_compute_network.vpc_network",
            "google_compute_subnetwork.initial_subnet"
          ]
        }
      ]
    },
    {
      "mode": "managed",
      "type": "google_compute_network",
      "name": "vpc_network",
      "provider": "provider[\"registry.terraform.io/hashicorp/google\"]",
      "instances": [
        {
          "schema_version": 0,
          "attributes": {
            "auto_create_subnetworks": false,
            "delete_default_routes_on_create": false,
            "description": "",
            "enable_ula_internal_ipv6": false,
            "gateway_ipv4": "",
            "id": "projects/sky2100eksamen24/global/networks/vpc-network",
            "internal_ipv6_range": "",
            "mtu": 0,
            "name": "vpc-network",
            "network_firewall_policy_enforcement_order": "AFTER_CLASSIC_FIREWALL",
            "numeric_id": "4669447048140079764",
            "project": "sky2100eksamen24",
            "routing_mode": "REGIONAL",
            "self_link": "https://www.googleapis.com/compute/v1/projects/sky2100eksamen24/global/networks/vpc-network",
            "timeouts": null
          },
          "sensitive_attributes": [],
          "private": "eyJlMmJmYjczMC1lY2FhLTExZTYtOGY4OC0zNDM2M2JjN2M0YzAiOnsiY3JlYXRlIjoxMjAwMDAwMDAwMDAwLCJkZWxldGUiOjEyMDAwMDAwMDAwMDAsInVwZGF0ZSI6MTIwMDAwMDAwMDAwMH19"
        }
      ]
    },
    {
      "mode": "managed",
      "type": "google_compute_resource_policy",
      "name": "snapshot",
      "provider": "provider[\"registry.terraform.io/hashicorp/google\"]",
      "instances": [
        {
          "schema_version": 0,
          "attributes": {
            "description": "",
            "disk_consistency_group_policy": [],
            "group_placement_policy": [],
            "id": "projects/sky2100eksamen24/regions/europe-north1/resourcePolicies/daily-snapshot",
            "instance_schedule_policy": [],
            "name": "daily-snapshot",
            "project": "sky2100eksamen24",
            "region": "europe-north1",
            "self_link": "https://www.googleapis.com/compute/v1/projects/sky2100eksamen24/regions/europe-north1/resourcePolicies/daily-snapshot",
            "snapshot_schedule_policy": [
              {
                "retention_policy": [
                  {
                    "max_retention_days": 7,
                    "on_source_disk_delete": "KEEP_AUTO_SNAPSHOTS"
                  }
                ],
                "schedule": [
                  {
                    "daily_schedule": [
                      {
                        "days_in_cycle": 1,
                        "start_time": "12:00"
                      }
                    ],
                    "hourly_schedule": [],
                    "weekly_schedule": []
                  }
                ],
                "snapshot_properties": []
              }
            ],
            "timeouts": null
          },
          "sensitive_attributes": [],
          "private": "eyJlMmJmYjczMC1lY2FhLTExZTYtOGY4OC0zNDM2M2JjN2M0YzAiOnsiY3JlYXRlIjoxMjAwMDAwMDAwMDAwLCJkZWxldGUiOjEyMDAwMDAwMDAwMDAsInVwZGF0ZSI6MTIwMDAwMDAwMDAwMH19"
        }
      ]
    },
    {
      "mode": "managed",
      "type": "google_compute_security_policy",
      "name": "cloud_armor",
      "provider": "provider[\"registry.terraform.io/hashicorp/google\"]",
      "instances": [
        {
          "schema_version": 0,
          "attributes": {
            "adaptive_protection_config": [],
            "advanced_options_config": [],
            "description": "Cloud armour policy as web Application firewall",
            "fingerprint": "3v9pviMJ7tY=",
            "id": "projects/sky2100eksamen24/global/securityPolicies/cloud-armor",
            "name": "cloud-armor",
            "project": "sky2100eksamen24",
            "recaptcha_options_config": [],
            "rule": [
              {
                "action": "allow",
                "description": "",
                "header_action": [],
                "match": [
                  {
                    "config": [
                      {
                        "src_ip_ranges": [
                          "*"
                        ]
                      }
                    ],
                    "expr": [],
                    "expr_options": [],
                    "versioned_expr": "SRC_IPS_V1"
                  }
                ],
                "preconfigured_waf_config": [],
                "preview": false,
                "priority": 2147483647,
                "rate_limit_options": [],
                "redirect_options": []
              },
              {
                "action": "allow",
                "description": "",
                "header_action": [],
                "match": [
                  {
                    "config": [
                      {
                        "src_ip_ranges": [
                          "0.0.0.0/0"
                        ]
                      }
                    ],
                    "expr": [],
                    "expr_options": [],
                    "versioned_expr": "SRC_IPS_V1"
                  }
                ],
                "preconfigured_waf_config": [],
                "preview": false,
                "priority": 1000,
                "rate_limit_options": [],
                "redirect_options": []
              }
            ],
            "self_link": "https://www.googleapis.com/compute/v1/projects/sky2100eksamen24/global/securityPolicies/cloud-armor",
            "timeouts": null,
            "type": "CLOUD_ARMOR"
          },
          "sensitive_attributes": [],
          "private": "eyJlMmJmYjczMC1lY2FhLTExZTYtOGY4OC0zNDM2M2JjN2M0YzAiOnsiY3JlYXRlIjoxODAwMDAwMDAwMDAwLCJkZWxldGUiOjE4MDAwMDAwMDAwMDAsInVwZGF0ZSI6MTgwMDAwMDAwMDAwMH19"
        }
      ]
    },
    {
      "mode": "managed",
      "type": "google_compute_ssl_certificate",
      "name": "ssl_certificate",
      "provider": "provider[\"registry.terraform.io/hashicorp/google\"]",
      "instances": [
        {
          "schema_version": 0,
          "attributes": {
            "certificate": "-----BEGIN CERTIFICATE-----\nMIIEBzCCAu+gAwIBAgIUXYgSOaYzrBmA+uDZZnNkPGTF8iQwDQYJKoZIhvcNAQEL\nBQAwgZIxCzAJBgNVBAYTAk5PMREwDwYDVQQIDAhWZXN0bGFuZDEPMA0GA1UEBwwG\nQmVyZ2VuMRMwEQYDVQQKDApLcmlzdGlhbmlhMREwDwYDVQQLDAhDeWJlclNlYzEQ\nMA4GA1UEAwwHU0tZMjEwMDElMCMGCSqGSIb3DQEJARYWc3Vubml2YS5tb2FuQGdt\nYWlsLmNvbTAeFw0yNDEyMDQxNDU4MjlaFw0yNTEyMDQxNDU4MjlaMIGSMQswCQYD\nVQQGEwJOTzERMA8GA1UECAwIVmVzdGxhbmQxDzANBgNVBAcMBkJlcmdlbjETMBEG\nA1UECgwKS3Jpc3RpYW5pYTERMA8GA1UECwwIQ3liZXJTZWMxEDAOBgNVBAMMB1NL\nWTIxMDAxJTAjBgkqhkiG9w0BCQEWFnN1bm5pdmEubW9hbkBnbWFpbC5jb20wggEi\nMA0GCSqGSIb3DQEBAQUAA4IBDwAwggEKAoIBAQCvC2H7VzKXvuD6+PvT3zxx69Cj\nyfPEr44rQLJ8HbNk/AzW5QMp9uoHUyUgavK2uPv0L3DwU1PkDiYFRpeqBNzln6tl\nla+p6RwD6oQEmrgffspasmFlRkP0HUPgeDtEwBbXRMznl7FPjWrU/I3k4p48Xc6k\nMiGLNKcXGjIfk6HFbB1q/+z082+xyRz8zZH/LF7+Nttlog/S4YPxeV6uM8YHJlFI\n47dMBERqmrSlWKaLEFSQqxwlBByZpBH2p5Ew+2YaSPs3xH0A/3NqkiIuagd0vBsK\nb4i4sCzX7fJAoA5DuBLj6pjCJHqRipc4miWfEmb0BIyCUWKjIZOyoqmCiX2DAgMB\nAAGjUzBRMB0GA1UdDgQWBBSZCgQlun8tRg3IWazQsQbwpKlj4zAfBgNVHSMEGDAW\ngBSZCgQlun8tRg3IWazQsQbwpKlj4zAPBgNVHRMBAf8EBTADAQH/MA0GCSqGSIb3\nDQEBCwUAA4IBAQAz7nmsFX2TaZx6M2t56494yqDM6Qtg3P+Kb078EZTfpobqw4sm\nFS0Dw60c2wHja156x6OoX7YVD8g+cN0r9rhQV5mDnESubirW9QJuSW+ylOQ49yBE\n+9R1DoJuCxR2NIZHAKe9YgtQzTBEjSV87czjdSZY9Qg5omJ8ggWKPBPaGRQPvr0V\nXwVQzwswtZBY0N9DqV5LPhw23q8L5bXGsiFR5fLSm82PpHSy7jTzHv8FcFgeWJOo\nQN5evHk3lSZnKffeC8WHlJQojgn1qpirBqBkKXF3AEVQ66W7vLhOMDi/9N9yngez\nPdvotPra7RCwuECs39RG/BjA+B9uPBfhCpCB\n-----END CERTIFICATE-----\n",
            "certificate_id": 4119316524127078075,
            "creation_timestamp": "2024-12-04T07:42:12.429-08:00",
            "description": "",
            "expire_time": "2025-12-04T06:58:29.000-08:00",
            "id": "projects/sky2100eksamen24/global/sslCertificates/self-managed-ssl-cert",
            "name": "self-managed-ssl-cert",
            "name_prefix": null,
            "private_key": "-----BEGIN PRIVATE KEY-----\nMIIEvQIBADANBgkqhkiG9w0BAQEFAASCBKcwggSjAgEAAoIBAQCvC2H7VzKXvuD6\n+PvT3zxx69CjyfPEr44rQLJ8HbNk/AzW5QMp9uoHUyUgavK2uPv0L3DwU1PkDiYF\nRpeqBNzln6tlla+p6RwD6oQEmrgffspasmFlRkP0HUPgeDtEwBbXRMznl7FPjWrU\n/I3k4p48Xc6kMiGLNKcXGjIfk6HFbB1q/+z082+xyRz8zZH/LF7+Nttlog/S4YPx\neV6uM8YHJlFI47dMBERqmrSlWKaLEFSQqxwlBByZpBH2p5Ew+2YaSPs3xH0A/3Nq\nkiIuagd0vBsKb4i4sCzX7fJAoA5DuBLj6pjCJHqRipc4miWfEmb0BIyCUWKjIZOy\noqmCiX2DAgMBAAECggEAIg+cdsxuZ1G4tI1bb0xali5VUHG9MfIZP3hc4sLixA05\nsF0qwvEtc9RtfoPhC8YuHMNYfiMwyUkpg9BLNcWxeCscLm20m2LlVSu+majDmDlT\nRde9FPhZw7goG5c5rTSVnTjhiFUfpwO1HJGySK4CLWvxiEjK9yv9MYUi6LsQ+Pmw\nz8XcpzGtqtkUqD8S5MPTzH+WMgPrBlGMqpibD/Tt25V6azS0QBYaW0phHyiK4cpT\nbw1z2/kccOMW6fNtfDERTJ7V+EQBVeq2OVMMTWIYbX3rgDlVhX0vEwvuMtV7/NYs\n+WWPwgyIH84jxRbmHOdKYd6yQqFkYw2w0bYRzMvgYQKBgQDXwu++vDsEGC/HBjQM\nCEu1+4mq24WblI4CBwzGxMzyCR+q5hwCdXWI9/koDun9SFA9j8cXuaq9pmjUVU8C\nmsSkXBrWMEz44WoIoOKbh9QFo7Ooc56Q7Pu9OsxSnyJ5YPfeT2ozfl8ejxEeXXLN\nUBSif+XTj4cnIZRQY03KDdZCYwKBgQDPsIBEmn8hZ3U7UV820Fml3LzvJRBbv3Gh\nKzWLw/FdrEaglzZT6aGad69h27njuJVd6LaXJ8TXaDwoeyCUneQuOMCdy5hdsTuz\njqGNNNiOztkSa1u6XHztwd4ZGzf3gVsqCh4HBdXWS/ZA7xgk/fj5UQnKzFBriQ7g\nX+zjAwEyYQKBgFTUkPxV94IhnE9M8hO1A0d2sWbazoof+0Fy0iQoZkfXLHs9489X\nrTGABZcpXfg2gU3jBK0gU7AjCF5LeDgW76+LgwWpkencfpsL3my2F7dr6IwXgUWL\n12JMBt+JL723UV03rhK24eEa8OkWZrewf5xwWsU2TjYlbrG4iXIixJXvAoGAJcwS\nW+neDx8795KkiF48onHctI0DQB9EN7ecZBZB2/FZXSqHyZewQGNduKp7VxUlodST\nPkkPisA+ioN193YQq9TKQS1nSk3R9qiTgBZI/xxn5vFA3VatqbtphxosAlA5Xho/\nQrnuI7TpWQHqW/kYkY8NACpUzG1CFtV+UAYg9qECgYEAmn2WMMt7q7nlXdVVB6yf\nC5eXeIi2fLroo0BmURM2yP1ilyzjZT2YMuQjFfH9+iL7I1fkRktpfoR5gHpXpBDw\n3HaC46kSQyY8Vas7UHMtC8afiYouV0dJ4bwEmpa+lFBB+zPA+eDVlN5Sh5zxvWGR\n9m8OV6Q027SuCXaIhrjkud4=\n-----END PRIVATE KEY-----\n",
            "project": "sky2100eksamen24",
            "self_link": "https://www.googleapis.com/compute/v1/projects/sky2100eksamen24/global/sslCertificates/self-managed-ssl-cert",
            "timeouts": null
          },
          "sensitive_attributes": [],
          "private": "eyJlMmJmYjczMC1lY2FhLTExZTYtOGY4OC0zNDM2M2JjN2M0YzAiOnsiY3JlYXRlIjoxMjAwMDAwMDAwMDAwLCJkZWxldGUiOjEyMDAwMDAwMDAwMDB9fQ=="
        }
      ]
    },
    {
      "mode": "managed",
      "type": "google_compute_subnetwork",
      "name": "initial_subnet",
      "provider": "provider[\"registry.terraform.io/hashicorp/google\"]",
      "instances": [
        {
          "schema_version": 0,
          "attributes": {
            "creation_timestamp": "2024-12-03T13:47:52.427-08:00",
            "description": "",
            "external_ipv6_prefix": "",
            "fingerprint": null,
            "gateway_address": "10.0.0.1",
            "id": "projects/sky2100eksamen24/regions/europe-north1/subnetworks/initial-subnet",
            "internal_ipv6_prefix": "",
            "ip_cidr_range": "10.0.0.0/24",
            "ipv6_access_type": "",
            "ipv6_cidr_range": "",
            "log_config": [
              {
                "aggregation_interval": "INTERVAL_5_SEC",
                "filter_expr": "true",
                "flow_sampling": 1,
                "metadata": "INCLUDE_ALL_METADATA",
                "metadata_fields": []
              }
            ],
            "name": "initial-subnet",
            "network": "https://www.googleapis.com/compute/v1/projects/sky2100eksamen24/global/networks/vpc-network",
            "private_ip_google_access": false,
            "private_ipv6_google_access": "DISABLE_GOOGLE_ACCESS",
            "project": "sky2100eksamen24",
            "purpose": "PRIVATE",
            "region": "europe-north1",
            "reserved_internal_range": "",
            "role": "",
            "secondary_ip_range": [],
            "self_link": "https://www.googleapis.com/compute/v1/projects/sky2100eksamen24/regions/europe-north1/subnetworks/initial-subnet",
            "send_secondary_ip_range_if_empty": null,
            "stack_type": "IPV4_ONLY",
            "timeouts": null
          },
          "sensitive_attributes": [],
          "private": "eyJlMmJmYjczMC1lY2FhLTExZTYtOGY4OC0zNDM2M2JjN2M0YzAiOnsiY3JlYXRlIjoxMjAwMDAwMDAwMDAwLCJkZWxldGUiOjEyMDAwMDAwMDAwMDAsInVwZGF0ZSI6MTIwMDAwMDAwMDAwMH19",
          "dependencies": [
            "google_compute_network.vpc_network"
          ]
        }
      ]
    },
    {
      "mode": "managed",
      "type": "google_compute_target_https_proxy",
      "name": "https_proxy",
      "provider": "provider[\"registry.terraform.io/hashicorp/google\"]",
      "instances": [
        {
          "schema_version": 0,
          "attributes": {
            "certificate_manager_certificates": null,
            "certificate_map": "",
            "creation_timestamp": "2024-12-04T09:44:28.059-08:00",
            "description": "",
            "http_keep_alive_timeout_sec": 0,
            "id": "projects/sky2100eksamen24/global/targetHttpsProxies/https-proxy",
            "name": "https-proxy",
            "project": "sky2100eksamen24",
            "proxy_bind": false,
            "proxy_id": 4912316994780211731,
            "quic_override": "NONE",
            "self_link": "https://www.googleapis.com/compute/v1/projects/sky2100eksamen24/global/targetHttpsProxies/https-proxy",
            "server_tls_policy": "",
            "ssl_certificates": [
              "https://www.googleapis.com/compute/v1/projects/sky2100eksamen24/global/sslCertificates/self-managed-ssl-cert"
            ],
            "ssl_policy": "",
            "timeouts": null,
            "tls_early_data": "DISABLED",
            "url_map": "https://www.googleapis.com/compute/v1/projects/sky2100eksamen24/global/urlMaps/url-map"
          },
          "sensitive_attributes": [],
          "private": "eyJlMmJmYjczMC1lY2FhLTExZTYtOGY4OC0zNDM2M2JjN2M0YzAiOnsiY3JlYXRlIjoxMjAwMDAwMDAwMDAwLCJkZWxldGUiOjEyMDAwMDAwMDAwMDAsInVwZGF0ZSI6MTIwMDAwMDAwMDAwMH19",
          "dependencies": [
            "google_compute_backend_service.backend",
            "google_compute_health_check.https_health_check",
            "google_compute_instance_group.instance_group",
            "google_compute_security_policy.cloud_armor",
            "google_compute_ssl_certificate.ssl_certificate",
            "google_compute_url_map.url_map"
          ]
        }
      ]
    },
    {
      "mode": "managed",
      "type": "google_compute_url_map",
      "name": "url_map",
      "provider": "provider[\"registry.terraform.io/hashicorp/google\"]",
      "instances": [
        {
          "schema_version": 0,
          "attributes": {
            "creation_timestamp": "2024-12-04T09:44:16.392-08:00",
            "default_route_action": [],
            "default_service": "https://www.googleapis.com/compute/v1/projects/sky2100eksamen24/global/backendServices/backend",
            "default_url_redirect": [],
            "description": "",
            "fingerprint": "vNV3CKKr2ks=",
            "header_action": [],
            "host_rule": [],
            "id": "projects/sky2100eksamen24/global/urlMaps/url-map",
            "map_id": 172867214104144415,
            "name": "url-map",
            "path_matcher": [],
            "project": "sky2100eksamen24",
            "self_link": "https://www.googleapis.com/compute/v1/projects/sky2100eksamen24/global/urlMaps/url-map",
            "test": [],
            "timeouts": null
          },
          "sensitive_attributes": [],
          "private": "eyJlMmJmYjczMC1lY2FhLTExZTYtOGY4OC0zNDM2M2JjN2M0YzAiOnsiY3JlYXRlIjoxMjAwMDAwMDAwMDAwLCJkZWxldGUiOjEyMDAwMDAwMDAwMDAsInVwZGF0ZSI6MTIwMDAwMDAwMDAwMH19",
          "dependencies": [
            "google_compute_backend_service.backend",
            "google_compute_health_check.https_health_check",
            "google_compute_instance_group.instance_group",
            "google_compute_security_policy.cloud_armor"
          ]
        }
      ]
    }
  ],
  "check_results": null
}
